version = 1
revision = 3
requires-python = ">=3.9"

[[package]]
name = "bd2-projeto-final"
version = "0.1.0"
source = { virtual = "." }
dependencies = [
    { name = "debugpy" },
    { name = "faker" },
    { name = "uv" },
]

[package.metadata]
requires-dist = [
    { name = "debugpy", specifier = ">=1.8.17" },
    { name = "faker", specifier = ">=37.12.0" },
    { name = "uv", specifier = ">=0.9.5" },
]

[[package]]
name = "debugpy"
version = "1.8.17"
source = { registry = "https://pypi.org/simple" }
sdist = { url = "https://files.pythonhosted.org/packages/15/ad/71e708ff4ca377c4230530d6a7aa7992592648c122a2cd2b321cf8b35a76/debugpy-1.8.17.tar.gz", hash = "sha256:fd723b47a8c08892b1a16b2c6239a8b96637c62a59b94bb5dab4bac592a58a8e", size = 1644129, upload-time = "2025-09-17T16:33:20.633Z" }
wheels = [
    { url = "https://files.pythonhosted.org/packages/38/36/b57c6e818d909f6e59c0182252921cf435e0951126a97e11de37e72ab5e1/debugpy-1.8.17-cp310-cp310-macosx_15_0_x86_64.whl", hash = "sha256:c41d2ce8bbaddcc0009cc73f65318eedfa3dbc88a8298081deb05389f1ab5542", size = 2098021, upload-time = "2025-09-17T16:33:22.556Z" },
    { url = "https://files.pythonhosted.org/packages/be/01/0363c7efdd1e9febd090bb13cee4fb1057215b157b2979a4ca5ccb678217/debugpy-1.8.17-cp310-cp310-manylinux_2_34_x86_64.whl", hash = "sha256:1440fd514e1b815edd5861ca394786f90eb24960eb26d6f7200994333b1d79e3", size = 3087399, upload-time = "2025-09-17T16:33:24.292Z" },
    { url = "https://files.pythonhosted.org/packages/79/bc/4a984729674aa9a84856650438b9665f9a1d5a748804ac6f37932ce0d4aa/debugpy-1.8.17-cp310-cp310-win32.whl", hash = "sha256:3a32c0af575749083d7492dc79f6ab69f21b2d2ad4cd977a958a07d5865316e4", size = 5230292, upload-time = "2025-09-17T16:33:26.137Z" },
    { url = "https://files.pythonhosted.org/packages/5d/19/2b9b3092d0cf81a5aa10c86271999453030af354d1a5a7d6e34c574515d7/debugpy-1.8.17-cp310-cp310-win_amd64.whl", hash = "sha256:a3aad0537cf4d9c1996434be68c6c9a6d233ac6f76c2a482c7803295b4e4f99a", size = 5261885, upload-time = "2025-09-17T16:33:27.592Z" },
    { url = "https://files.pythonhosted.org/packages/d8/53/3af72b5c159278c4a0cf4cffa518675a0e73bdb7d1cac0239b815502d2ce/debugpy-1.8.17-cp311-cp311-macosx_15_0_universal2.whl", hash = "sha256:d3fce3f0e3de262a3b67e69916d001f3e767661c6e1ee42553009d445d1cd840", size = 2207154, upload-time = "2025-09-17T16:33:29.457Z" },
    { url = "https://files.pythonhosted.org/packages/8f/6d/204f407df45600e2245b4a39860ed4ba32552330a0b3f5f160ae4cc30072/debugpy-1.8.17-cp311-cp311-manylinux_2_34_x86_64.whl", hash = "sha256:c6bdf134457ae0cac6fb68205776be635d31174eeac9541e1d0c062165c6461f", size = 3170322, upload-time = "2025-09-17T16:33:30.837Z" },
    { url = "https://files.pythonhosted.org/packages/f2/13/1b8f87d39cf83c6b713de2620c31205299e6065622e7dd37aff4808dd410/debugpy-1.8.17-cp311-cp311-win32.whl", hash = "sha256:e79a195f9e059edfe5d8bf6f3749b2599452d3e9380484cd261f6b7cd2c7c4da", size = 5155078, upload-time = "2025-09-17T16:33:33.331Z" },
    { url = "https://files.pythonhosted.org/packages/c2/c5/c012c60a2922cc91caa9675d0ddfbb14ba59e1e36228355f41cab6483469/debugpy-1.8.17-cp311-cp311-win_amd64.whl", hash = "sha256:b532282ad4eca958b1b2d7dbcb2b7218e02cb934165859b918e3b6ba7772d3f4", size = 5179011, upload-time = "2025-09-17T16:33:35.711Z" },
    { url = "https://files.pythonhosted.org/packages/08/2b/9d8e65beb2751876c82e1aceb32f328c43ec872711fa80257c7674f45650/debugpy-1.8.17-cp312-cp312-macosx_15_0_universal2.whl", hash = "sha256:f14467edef672195c6f6b8e27ce5005313cb5d03c9239059bc7182b60c176e2d", size = 2549522, upload-time = "2025-09-17T16:33:38.466Z" },
    { url = "https://files.pythonhosted.org/packages/b4/78/eb0d77f02971c05fca0eb7465b18058ba84bd957062f5eec82f941ac792a/debugpy-1.8.17-cp312-cp312-manylinux_2_34_x86_64.whl", hash = "sha256:24693179ef9dfa20dca8605905a42b392be56d410c333af82f1c5dff807a64cc", size = 4309417, upload-time = "2025-09-17T16:33:41.299Z" },
    { url = "https://files.pythonhosted.org/packages/37/42/c40f1d8cc1fed1e75ea54298a382395b8b937d923fcf41ab0797a554f555/debugpy-1.8.17-cp312-cp312-win32.whl", hash = "sha256:6a4e9dacf2cbb60d2514ff7b04b4534b0139facbf2abdffe0639ddb6088e59cf", size = 5277130, upload-time = "2025-09-17T16:33:43.554Z" },
    { url = "https://files.pythonhosted.org/packages/72/22/84263b205baad32b81b36eac076de0cdbe09fe2d0637f5b32243dc7c925b/debugpy-1.8.17-cp312-cp312-win_amd64.whl", hash = "sha256:e8f8f61c518952fb15f74a302e068b48d9c4691768ade433e4adeea961993464", size = 5319053, upload-time = "2025-09-17T16:33:53.033Z" },
    { url = "https://files.pythonhosted.org/packages/50/76/597e5cb97d026274ba297af8d89138dfd9e695767ba0e0895edb20963f40/debugpy-1.8.17-cp313-cp313-macosx_15_0_universal2.whl", hash = "sha256:857c1dd5d70042502aef1c6d1c2801211f3ea7e56f75e9c335f434afb403e464", size = 2538386, upload-time = "2025-09-17T16:33:54.594Z" },
    { url = "https://files.pythonhosted.org/packages/5f/60/ce5c34fcdfec493701f9d1532dba95b21b2f6394147234dce21160bd923f/debugpy-1.8.17-cp313-cp313-manylinux_2_34_x86_64.whl", hash = "sha256:3bea3b0b12f3946e098cce9b43c3c46e317b567f79570c3f43f0b96d00788088", size = 4292100, upload-time = "2025-09-17T16:33:56.353Z" },
    { url = "https://files.pythonhosted.org/packages/e8/95/7873cf2146577ef71d2a20bf553f12df865922a6f87b9e8ee1df04f01785/debugpy-1.8.17-cp313-cp313-win32.whl", hash = "sha256:e34ee844c2f17b18556b5bbe59e1e2ff4e86a00282d2a46edab73fd7f18f4a83", size = 5277002, upload-time = "2025-09-17T16:33:58.231Z" },
    { url = "https://files.pythonhosted.org/packages/46/11/18c79a1cee5ff539a94ec4aa290c1c069a5580fd5cfd2fb2e282f8e905da/debugpy-1.8.17-cp313-cp313-win_amd64.whl", hash = "sha256:6c5cd6f009ad4fca8e33e5238210dc1e5f42db07d4b6ab21ac7ffa904a196420", size = 5319047, upload-time = "2025-09-17T16:34:00.586Z" },
    { url = "https://files.pythonhosted.org/packages/de/45/115d55b2a9da6de812696064ceb505c31e952c5d89c4ed1d9bb983deec34/debugpy-1.8.17-cp314-cp314-macosx_15_0_universal2.whl", hash = "sha256:045290c010bcd2d82bc97aa2daf6837443cd52f6328592698809b4549babcee1", size = 2536899, upload-time = "2025-09-17T16:34:02.657Z" },
    { url = "https://files.pythonhosted.org/packages/5a/73/2aa00c7f1f06e997ef57dc9b23d61a92120bec1437a012afb6d176585197/debugpy-1.8.17-cp314-cp314-manylinux_2_34_x86_64.whl", hash = "sha256:b69b6bd9dba6a03632534cdf67c760625760a215ae289f7489a452af1031fe1f", size = 4268254, upload-time = "2025-09-17T16:34:04.486Z" },
    { url = "https://files.pythonhosted.org/packages/86/b5/ed3e65c63c68a6634e3ba04bd10255c8e46ec16ebed7d1c79e4816d8a760/debugpy-1.8.17-cp314-cp314-win32.whl", hash = "sha256:5c59b74aa5630f3a5194467100c3b3d1c77898f9ab27e3f7dc5d40fc2f122670", size = 5277203, upload-time = "2025-09-17T16:34:06.65Z" },
    { url = "https://files.pythonhosted.org/packages/b0/26/394276b71c7538445f29e792f589ab7379ae70fd26ff5577dfde71158e96/debugpy-1.8.17-cp314-cp314-win_amd64.whl", hash = "sha256:893cba7bb0f55161de4365584b025f7064e1f88913551bcd23be3260b231429c", size = 5318493, upload-time = "2025-09-17T16:34:08.483Z" },
    { url = "https://files.pythonhosted.org/packages/16/ee/0e9a08878f1b525f85c4e47723ea1f17b1bad69672c84fa910210604e3f8/debugpy-1.8.17-cp39-cp39-macosx_15_0_x86_64.whl", hash = "sha256:f2ac8055a0c4a09b30b931100996ba49ef334c6947e7ae365cdd870416d7513e", size = 2099309, upload-time = "2025-09-17T16:34:17.935Z" },
    { url = "https://files.pythonhosted.org/packages/b3/b5/0327b27efd8826ca92a256a3a250e80ccad6a834b4d12bd9cbd491f2da03/debugpy-1.8.17-cp39-cp39-manylinux_2_34_x86_64.whl", hash = "sha256:eaa85bce251feca8e4c87ce3b954aba84b8c645b90f0e6a515c00394a9f5c0e7", size = 3080100, upload-time = "2025-09-17T16:34:19.885Z" },
    { url = "https://files.pythonhosted.org/packages/0f/f0/2e210fa8884d2ab452fa31ffd1402e13010eaacfa67063d0565d97ac9e0e/debugpy-1.8.17-cp39-cp39-win32.whl", hash = "sha256:b13eea5587e44f27f6c48588b5ad56dcb74a4f3a5f89250443c94587f3eb2ea1", size = 5231016, upload-time = "2025-09-17T16:34:21.887Z" },
    { url = "https://files.pythonhosted.org/packages/d6/9b/6a45fb1553d09b618c9441bcbbf72b651246b83b5618b2f95c0e4cf1b8bd/debugpy-1.8.17-cp39-cp39-win_amd64.whl", hash = "sha256:bb1bbf92317e1f35afcf3ef0450219efb3afe00be79d8664b250ac0933b9015f", size = 5262778, upload-time = "2025-09-17T16:34:24.026Z" },
    { url = "https://files.pythonhosted.org/packages/b0/d0/89247ec250369fc76db477720a26b2fce7ba079ff1380e4ab4529d2fe233/debugpy-1.8.17-py2.py3-none-any.whl", hash = "sha256:60c7dca6571efe660ccb7a9508d73ca14b8796c4ed484c2002abba714226cfef", size = 5283210, upload-time = "2025-09-17T16:34:25.835Z" },
]

[[package]]
name = "faker"
version = "37.12.0"
source = { registry = "https://pypi.org/simple" }
dependencies = [
    { name = "tzdata" },
]
sdist = { url = "https://files.pythonhosted.org/packages/3d/84/e95acaa848b855e15c83331d0401ee5f84b2f60889255c2e055cb4fb6bdf/faker-37.12.0.tar.gz", hash = "sha256:7505e59a7e02fa9010f06c3e1e92f8250d4cfbb30632296140c2d6dbef09b0fa", size = 1935741, upload-time = "2025-10-24T15:19:58.764Z" }
wheels = [
    { url = "https://files.pythonhosted.org/packages/8e/98/2c050dec90e295a524c9b65c4cb9e7c302386a296b2938710448cbd267d5/faker-37.12.0-py3-none-any.whl", hash = "sha256:afe7ccc038da92f2fbae30d8e16d19d91e92e242f8401ce9caf44de892bab4c4", size = 1975461, upload-time = "2025-10-24T15:19:55.739Z" },
]

[[package]]
name = "tzdata"
version = "2025.2"
source = { registry = "https://pypi.org/simple" }
sdist = { url = "https://files.pythonhosted.org/packages/95/32/1a225d6164441be760d75c2c42e2780dc0873fe382da3e98a2e1e48361e5/tzdata-2025.2.tar.gz", hash = "sha256:b60a638fcc0daffadf82fe0f57e53d06bdec2f36c4df66280ae79bce6bd6f2b9", size = 196380, upload-time = "2025-03-23T13:54:43.652Z" }
wheels = [
    { url = "https://files.pythonhosted.org/packages/5c/23/c7abc0ca0a1526a0774eca151daeb8de62ec457e77262b66b359c3c7679e/tzdata-2025.2-py2.py3-none-any.whl", hash = "sha256:1a403fada01ff9221ca8044d701868fa132215d84beb92242d9acd2147f667a8", size = 347839, upload-time = "2025-03-23T13:54:41.845Z" },
]

[[package]]
name = "uv"
version = "0.9.5"
source = { registry = "https://pypi.org/simple" }
sdist = { url = "https://files.pythonhosted.org/packages/6e/6a/fab7dd47e7344705158cc3fcbe70b4814175902159574c3abb081ebaba88/uv-0.9.5.tar.gz", hash = "sha256:d8835d2c034421ac2235fb658bb4f669a301a0f1eb00a8430148dd8461b65641", size = 3700444, upload-time = "2025-10-21T16:48:26.847Z" }
wheels = [
    { url = "https://files.pythonhosted.org/packages/51/4a/4db051b9e41e6c67d0b7a56c68e2457e9bbe947463a656873e7d02a974f3/uv-0.9.5-py3-none-linux_armv6l.whl", hash = "sha256:f8eb34ebebac4b45334ce7082cca99293b71fb32b164651f1727c8a640e5b387", size = 20667903, upload-time = "2025-10-21T16:47:41.841Z" },
    { url = "https://files.pythonhosted.org/packages/4e/6c/3508d67f80aac0ddb5806680a6735ff6cb5a14e9b697e5ae145b01050880/uv-0.9.5-py3-none-macosx_10_12_x86_64.whl", hash = "sha256:922cd784cce36bbdc7754b590d28c276698c85791c18cd4c6a7e917db4480440", size = 19680481, upload-time = "2025-10-21T16:47:45.825Z" },
    { url = "https://files.pythonhosted.org/packages/b2/26/bd6438cf6d84a6b0b608bcbe9f353d8e424f8fe3b1b73a768984a76bf80b/uv-0.9.5-py3-none-macosx_11_0_arm64.whl", hash = "sha256:8603bb902e578463c50c3ddd4ee376ba4172ccdf4979787f8948747d1bb0e18b", size = 18309280, upload-time = "2025-10-21T16:47:47.919Z" },
    { url = "https://files.pythonhosted.org/packages/48/8a/a990d9a39094d4d47bd11edff17573247f3791c33a19626e92c995498e68/uv-0.9.5-py3-none-manylinux_2_17_aarch64.manylinux2014_aarch64.musllinux_1_1_aarch64.whl", hash = "sha256:48a3542835d37882ff57d1ff91b757085525d98756712fa61cf9941d3dda8ebf", size = 20030908, upload-time = "2025-10-21T16:47:50.532Z" },
    { url = "https://files.pythonhosted.org/packages/24/7a/63a5dd8e1b7ff69d9920a36c018c54c6247e48477d252770d979e30c97bd/uv-0.9.5-py3-none-manylinux_2_17_armv7l.manylinux2014_armv7l.whl", hash = "sha256:21452ece590ddb90e869a478ca4c2ba70be180ec0d6716985ee727b9394c8aa5", size = 20236853, upload-time = "2025-10-21T16:47:53.108Z" },
    { url = "https://files.pythonhosted.org/packages/bc/cd/511e0d96b10a88fb382515f33fcacb8613fea6e50ae767827ad8056f6c38/uv-0.9.5-py3-none-manylinux_2_17_i686.manylinux2014_i686.whl", hash = "sha256:3eb31c9896dc2c88f6a9f1d693be2409fe2fc2e3d90827956e4341c2b2171289", size = 21161956, upload-time = "2025-10-21T16:47:55.337Z" },
    { url = "https://files.pythonhosted.org/packages/0b/bd/3255b9649f491ff7ae3450919450325ad125c8af6530d24aa22932f83aa0/uv-0.9.5-py3-none-manylinux_2_17_ppc64.manylinux2014_ppc64.whl", hash = "sha256:02db727beb94a2137508cee5a785c3465d150954ca9abdff2d8157c76dea163e", size = 22646501, upload-time = "2025-10-21T16:47:57.917Z" },
    { url = "https://files.pythonhosted.org/packages/b6/6e/f2d172ea3aa078aa2ba1c391f674b2d322e5d1a8b695e2bdd941ea22f6c3/uv-0.9.5-py3-none-manylinux_2_17_ppc64le.manylinux2014_ppc64le.whl", hash = "sha256:c465f2e342cab908849b8ce83e14fd4cf75f5bed55802d0acf1399f9d02f92d9", size = 22285962, upload-time = "2025-10-21T16:48:00.516Z" },
    { url = "https://files.pythonhosted.org/packages/71/ad/f22e2b094c82178cee674337340f2e1a3dfcdaabc75e393e1f499f997c15/uv-0.9.5-py3-none-manylinux_2_17_s390x.manylinux2014_s390x.whl", hash = "sha256:133e2614e1ff3b34c2606595d8ae55710473ebb7516bfa5708afc00315730cd1", size = 21374721, upload-time = "2025-10-21T16:48:02.957Z" },
    { url = "https://files.pythonhosted.org/packages/9b/83/a0bdf4abf86ede79b427778fe27e2b4a022c98a7a8ea1745dcd6c6561f17/uv-0.9.5-py3-none-manylinux_2_17_x86_64.manylinux2014_x86_64.whl", hash = "sha256:6507bbbcd788553ec4ad5a96fa19364dc0f58b023e31d79868773559a83ec181", size = 21332544, upload-time = "2025-10-21T16:48:05.75Z" },
    { url = "https://files.pythonhosted.org/packages/da/93/f61862a5cb34d3fd021352f4a46993950ba2b301f0fd0694a56c7a56b20b/uv-0.9.5-py3-none-manylinux_2_28_aarch64.whl", hash = "sha256:6a046c2e833169bf26f461286aab58a2ba8d48ed2220bfcf119dcfaf87163116", size = 20157103, upload-time = "2025-10-21T16:48:08.018Z" },
    { url = "https://files.pythonhosted.org/packages/04/9c/2788b82454dd485a5b3691cc6f465583e9ce8d4c45bac11461ff38165fd5/uv-0.9.5-py3-none-manylinux_2_31_riscv64.whl", hash = "sha256:9fc13b4b943d19adac52d7dcd2159e96ab2e837ac49a79e20714ed25f1f1b7f9", size = 21263882, upload-time = "2025-10-21T16:48:10.222Z" },
    { url = "https://files.pythonhosted.org/packages/c6/eb/73dd04b7e9c1df76fc6b263140917ba5d7d6d0d28c6913090f3e94e53220/uv-0.9.5-py3-none-musllinux_1_1_armv7l.whl", hash = "sha256:5bb4996329ba47e7e775baba4a47e85092aa491d708a66e63b564e9b306bfb7e", size = 20210317, upload-time = "2025-10-21T16:48:12.606Z" },
    { url = "https://files.pythonhosted.org/packages/bb/45/3f5e0954a727f037e75036ddef2361a16f23f2a4a2bc98c272bb64c273f1/uv-0.9.5-py3-none-musllinux_1_1_i686.whl", hash = "sha256:6452eb6257e37e1ebd97430b5f5e10419da2c3ca35b4086540ec4163b4b2f25c", size = 20614233, upload-time = "2025-10-21T16:48:14.937Z" },
    { url = "https://files.pythonhosted.org/packages/eb/fd/d1317e982a8b004339ca372fbf4d1807be5d765420970bde17bbd621cbf9/uv-0.9.5-py3-none-musllinux_1_1_x86_64.whl", hash = "sha256:3a4ecbfdcbd3dae4190428874762c791e05d2c97ff2872bf6c0a30ed5c4ea9ca", size = 21526600, upload-time = "2025-10-21T16:48:17.396Z" },
    { url = "https://files.pythonhosted.org/packages/9c/39/6b288c4e348c4113d4925c714606f7d1e0a7bfcb7f1ad001a28dbcf62f30/uv-0.9.5-py3-none-win32.whl", hash = "sha256:0316493044035098666d6e99c14bd61b352555d9717d57269f4ce531855330fa", size = 19469211, upload-time = "2025-10-21T16:48:19.668Z" },
    { url = "https://files.pythonhosted.org/packages/af/14/0f07d0b2e561548b4e3006208480a5fce8cdaae5247d85efbfb56e8e596b/uv-0.9.5-py3-none-win_amd64.whl", hash = "sha256:48a12390421f91af8a8993cf15c38297c0bb121936046286e287975b2fbf1789", size = 21404719, upload-time = "2025-10-21T16:48:22.145Z" },
    { url = "https://files.pythonhosted.org/packages/c7/33/14244c0641c2340653ae934e5c82750543fcddbcd260bdc2353a33b6148f/uv-0.9.5-py3-none-win_arm64.whl", hash = "sha256:c966e3a4fe4de3b0a6279d0a835c79f9cddbb3693f52d140910cbbed177c5742", size = 19911407, upload-time = "2025-10-21T16:48:24.974Z" },
]
